
Microsoft Visual Studio Solution File, Format Version 12.00
Project("{FAE04EC0-301F-11D3-BF4B-00C04F79EFBC}") = "CableWizardBackend", "CableWizardBackend.csproj", "{A2B8AB17-931A-4715-81C7-E3FA11419B71}"
EndProject
Global
	GlobalSection(SolutionConfigurationPlatforms) = preSolution
		Debug|Any CPU = Debug|Any CPU
		Release|Any CPU = Release|Any CPU
	EndGlobalSection
	GlobalSection(ProjectConfigurationPlatforms) = postSolution
		{A2B8AB17-931A-4715-81C7-E3FA11419B71}.Debug|Any CPU.ActiveCfg = Debug|Any CPU
		{A2B8AB17-931A-4715-81C7-E3FA11419B71}.Debug|Any CPU.Build.0 = Debug|Any CPU
		{A2B8AB17-931A-4715-81C7-E3FA11419B71}.Release|Any CPU.ActiveCfg = Release|Any CPU
		{A2B8AB17-931A-4715-81C7-E3FA11419B71}.Release|Any CPU.Build.0 = Release|Any CPU
	EndGlobalSection
EndGlobal
